
Microsoft Visual Studio Solution File, Format Version 12.00
# Visual Studio Version 17
VisualStudioVersion = 17.1.32421.90
MinimumVisualStudioVersion = 10.0.40219.1
Project("{FAE04EC0-301F-11D3-BF4B-00C04F79EFBC}") = "DSAL_CA2_Yr2", "DSAL_CA2_Yr2\DSAL_CA2_Yr2.csproj", "{206C35C1-54AD-4013-A363-B271C63A4EB7}"
EndProject
Global
	GlobalSection(SolutionConfigurationPlatforms) = preSolution
		Debug|Any CPU = Debug|Any CPU
		Release|Any CPU = Release|Any CPU
	EndGlobalSection
	GlobalSection(ProjectConfigurationPlatforms) = postSolution
		{206C35C1-54AD-4013-A363-B271C63A4EB7}.Debug|Any CPU.ActiveCfg = Debug|Any CPU
		{206C35C1-54AD-4013-A363-B271C63A4EB7}.Debug|Any CPU.Build.0 = Debug|Any CPU
		{206C35C1-54AD-4013-A363-B271C63A4EB7}.Release|Any CPU.ActiveCfg = Release|Any CPU
		{206C35C1-54AD-4013-A363-B271C63A4EB7}.Release|Any CPU.Build.0 = Release|Any CPU
	EndGlobalSection
	GlobalSection(SolutionProperties) = preSolution
		HideSolutionNode = FALSE
	EndGlobalSection
	GlobalSection(ExtensibilityGlobals) = postSolution
		SolutionGuid = {F9502DC8-6634-43F1-AB78-F4845C8864AB}
	EndGlobalSection
EndGlobal
